// !$*UTF8*$!
{
	archiveVersion = 1;
	classes = {
	};
	objectVersion = 50;
	objects = {

/* Begin PBXBuildFile section */
		1C8DACF6DD834F1583E496CE /* Pods_OCR_test.framework in Frameworks */ = {isa = PBXBuildFile; fileRef = 349C6312261490AAD0AEAFEE /* Pods_OCR_test.framework */; };
		B90890A620E10FCF0064DEEC /* AppDelegate.swift in Sources */ = {isa = PBXBuildFile; fileRef = B90890A520E10FCF0064DEEC /* AppDelegate.swift */; };
		B90890A820E10FCF0064DEEC /* ViewController.swift in Sources */ = {isa = PBXBuildFile; fileRef = B90890A720E10FCF0064DEEC /* ViewController.swift */; };
		B90890AB20E10FCF0064DEEC /* Main.storyboard in Resources */ = {isa = PBXBuildFile; fileRef = B90890A920E10FCF0064DEEC /* Main.storyboard */; };
		B90890B020E10FCF0064DEEC /* LaunchScreen.storyboard in Resources */ = {isa = PBXBuildFile; fileRef = B90890AE20E10FCF0064DEEC /* LaunchScreen.storyboard */; };
		B90890CE20E13E0B0064DEEC /* libz.tbd in Frameworks */ = {isa = PBXBuildFile; fileRef = B90890CD20E13E0B0064DEEC /* libz.tbd */; };
		B90890D220E14F050064DEEC /* Assets.xcassets in Resources */ = {isa = PBXBuildFile; fileRef = B90890D120E14F040064DEEC /* Assets.xcassets */; };
		B99D9F3520E50398003E8738 /* tessdata in Resources */ = {isa = PBXBuildFile; fileRef = B99D9F3420E50398003E8738 /* tessdata */; };
/* End PBXBuildFile section */

/* Begin PBXFileReference section */
		08B736E0939597B92E00643B /* Pods-OCR test.release.xcconfig */ = {isa = PBXFileReference; includeInIndex = 1; lastKnownFileType = text.xcconfig; name = "Pods-OCR test.release.xcconfig"; path = "Pods/Target Support Files/Pods-OCR test/Pods-OCR test.release.xcconfig"; sourceTree = "<group>"; };
		349C6312261490AAD0AEAFEE /* Pods_OCR_test.framework */ = {isa = PBXFileReference; explicitFileType = wrapper.framework; includeInIndex = 0; path = Pods_OCR_test.framework; sourceTree = BUILT_PRODUCTS_DIR; };
		397824C83F2A5D0FFC58B9D7 /* Pods-OCR test.debug.xcconfig */ = {isa = PBXFileReference; includeInIndex = 1; lastKnownFileType = text.xcconfig; name = "Pods-OCR test.debug.xcconfig"; path = "Pods/Target Support Files/Pods-OCR test/Pods-OCR test.debug.xcconfig"; sourceTree = "<group>"; };
		B90890A220E10FCF0064DEEC /* OCR test.app */ = {isa = PBXFileReference; explicitFileType = wrapper.application; includeInIndex = 0; path = "OCR test.app"; sourceTree = BUILT_PRODUCTS_DIR; };
		B90890A520E10FCF0064DEEC /* AppDelegate.swift */ = {isa = PBXFileReference; lastKnownFileType = sourcecode.swift; path = AppDelegate.swift; sourceTree = "<group>"; };
		B90890A720E10FCF0064DEEC /* ViewController.swift */ = {isa = PBXFileReference; lastKnownFileType = sourcecode.swift; path = ViewController.swift; sourceTree = "<group>"; };
		B90890AA20E10FCF0064DEEC /* Base */ = {isa = PBXFileReference; lastKnownFileType = file.storyboard; name = Base; path = Base.lproj/Main.storyboard; sourceTree = "<group>"; };
		B90890AF20E10FCF0064DEEC /* Base */ = {isa = PBXFileReference; lastKnownFileType = file.storyboard; name = Base; path = Base.lproj/LaunchScreen.storyboard; sourceTree = "<group>"; };
		B90890B120E10FCF0064DEEC /* Info.plist */ = {isa = PBXFileReference; lastKnownFileType = text.plist.xml; path = Info.plist; sourceTree = "<group>"; };
		B90890CD20E13E0B0064DEEC /* libz.tbd */ = {isa = PBXFileReference; lastKnownFileType = "sourcecode.text-based-dylib-definition"; name = libz.tbd; path = usr/lib/libz.tbd; sourceTree = SDKROOT; };
		B90890D120E14F040064DEEC /* Assets.xcassets */ = {isa = PBXFileReference; lastKnownFileType = folder.assetcatalog; path = Assets.xcassets; sourceTree = "<group>"; };
		B99D9F3420E50398003E8738 /* tessdata */ = {isa = PBXFileReference; lastKnownFileType = folder; path = tessdata; sourceTree = "<group>"; };
/* End PBXFileReference section */

/* Begin PBXFrameworksBuildPhase section */
		B908909F20E10FCF0064DEEC /* Frameworks */ = {
			isa = PBXFrameworksBuildPhase;
			buildActionMask = 2147483647;
			files = (
				B90890CE20E13E0B0064DEEC /* libz.tbd in Frameworks */,
				1C8DACF6DD834F1583E496CE /* Pods_OCR_test.framework in Frameworks */,
			);
			runOnlyForDeploymentPostprocessing = 0;
		};
/* End PBXFrameworksBuildPhase section */

/* Begin PBXGroup section */
		4D9991E6800C5707AB8AC85D /* Pods */ = {
			isa = PBXGroup;
			children = (
				397824C83F2A5D0FFC58B9D7 /* Pods-OCR test.debug.xcconfig */,
				08B736E0939597B92E00643B /* Pods-OCR test.release.xcconfig */,
			);
			name = Pods;
			sourceTree = "<group>";
		};
		62943E8C2E4FA3C8156CD033 /* Frameworks */ = {
			isa = PBXGroup;
			children = (
				B90890CD20E13E0B0064DEEC /* libz.tbd */,
				349C6312261490AAD0AEAFEE /* Pods_OCR_test.framework */,
			);
			name = Frameworks;
			sourceTree = "<group>";
		};
		B908909920E10FCF0064DEEC = {
			isa = PBXGroup;
			children = (
				B90890A420E10FCF0064DEEC /* OCR test */,
				B90890A320E10FCF0064DEEC /* Products */,
				4D9991E6800C5707AB8AC85D /* Pods */,
				62943E8C2E4FA3C8156CD033 /* Frameworks */,
			);
			sourceTree = "<group>";
		};
		B90890A320E10FCF0064DEEC /* Products */ = {
			isa = PBXGroup;
			children = (
				B90890A220E10FCF0064DEEC /* OCR test.app */,
			);
			name = Products;
			sourceTree = "<group>";
		};
		B90890A420E10FCF0064DEEC /* OCR test */ = {
			isa = PBXGroup;
			children = (
				B99D9F3420E50398003E8738 /* tessdata */,
				B90890A520E10FCF0064DEEC /* AppDelegate.swift */,
				B90890A720E10FCF0064DEEC /* ViewController.swift */,
				B90890A920E10FCF0064DEEC /* Main.storyboard */,
				B90890AE20E10FCF0064DEEC /* LaunchScreen.storyboard */,
				B90890B120E10FCF0064DEEC /* Info.plist */,
				B90890D120E14F040064DEEC /* Assets.xcassets */,
			);
			path = "OCR test";
			sourceTree = "<group>";
		};
/* End PBXGroup section */

/* Begin PBXNativeTarget section */
		B90890A120E10FCF0064DEEC /* OCR test */ = {
			isa = PBXNativeTarget;
			buildConfigurationList = B90890B420E10FCF0064DEEC /* Build configuration list for PBXNativeTarget "OCR test" */;
			buildPhases = (
				D589DD2D4B87236CA198BC2E /* [CP] Check Pods Manifest.lock */,
				B908909E20E10FCF0064DEEC /* Sources */,
				B908909F20E10FCF0064DEEC /* Frameworks */,
				B90890A020E10FCF0064DEEC /* Resources */,
				40CA759D0A9F0CDFC416BD07 /* [CP] Embed Pods Frameworks */,
			);
			buildRules = (
			);
			dependencies = (
			);
			name = "OCR test";
			productName = "OCR test";
			productReference = B90890A220E10FCF0064DEEC /* OCR test.app */;
			productType = "com.apple.product-type.application";
		};
/* End PBXNativeTarget section */

/* Begin PBXProject section */
		B908909A20E10FCF0064DEEC /* Project object */ = {
			isa = PBXProject;
			attributes = {
				LastSwiftUpdateCheck = 0940;
				LastUpgradeCheck = 0940;
				ORGANIZATIONNAME = "Roberto Ferraz";
				TargetAttributes = {
					B90890A120E10FCF0064DEEC = {
						CreatedOnToolsVersion = 9.4.1;
					};
				};
			};
			buildConfigurationList = B908909D20E10FCF0064DEEC /* Build configuration list for PBXProject "OCR test" */;
			compatibilityVersion = "Xcode 9.3";
			developmentRegion = en;
			hasScannedForEncodings = 0;
			knownRegions = (
				en,
				Base,
			);
			mainGroup = B908909920E10FCF0064DEEC;
			productRefGroup = B90890A320E10FCF0064DEEC /* Products */;
			projectDirPath = "";
			projectRoot = "";
			targets = (
				B90890A120E10FCF0064DEEC /* OCR test */,
			);
		};
/* End PBXProject section */

/* Begin PBXResourcesBuildPhase section */
		B90890A020E10FCF0064DEEC /* Resources */ = {
			isa = PBXResourcesBuildPhase;
			buildActionMask = 2147483647;
			files = (
				B90890B020E10FCF0064DEEC /* LaunchScreen.storyboard in Resources */,
				B99D9F3520E50398003E8738 /* tessdata in Resources */,
				B90890D220E14F050064DEEC /* Assets.xcassets in Resources */,
				B90890AB20E10FCF0064DEEC /* Main.storyboard in Resources */,
			);
			runOnlyForDeploymentPostprocessing = 0;
		};
/* End PBXResourcesBuildPhase section */

/* Begin PBXShellScriptBuildPhase section */
		40CA759D0A9F0CDFC416BD07 /* [CP] Embed Pods Frameworks */ = {
			isa = PBXShellScriptBuildPhase;
			buildActionMask = 2147483647;
			files = (
			);
			inputPaths = (
				"${SRCROOT}/Pods/Target Support Files/Pods-OCR test/Pods-OCR test-frameworks.sh",
				"${BUILT_PRODUCTS_DIR}/OCRSlicer/OCRSlicer.framework",
				"${BUILT_PRODUCTS_DIR}/TesseractOCRiOS/TesseractOCR.framework",
			);
			name = "[CP] Embed Pods Frameworks";
			outputPaths = (
				"${TARGET_BUILD_DIR}/${FRAMEWORKS_FOLDER_PATH}/OCRSlicer.framework",
				"${TARGET_BUILD_DIR}/${FRAMEWORKS_FOLDER_PATH}/TesseractOCR.framework",
			);
			runOnlyForDeploymentPostprocessing = 0;
			shellPath = /bin/sh;
			shellScript = "\"${SRCROOT}/Pods/Target Support Files/Pods-OCR test/Pods-OCR test-frameworks.sh\"\n";
			showEnvVarsInLog = 0;
		};
		D589DD2D4B87236CA198BC2E /* [CP] Check Pods Manifest.lock */ = {
			isa = PBXShellScriptBuildPhase;
			buildActionMask = 2147483647;
			files = (
			);
			inputPaths = (
				"${PODS_PODFILE_DIR_PATH}/Podfile.lock",
				"${PODS_ROOT}/Manifest.lock",
			);
			name = "[CP] Check Pods Manifest.lock";
			outputPaths = (
				"$(DERIVED_FILE_DIR)/Pods-OCR test-checkManifestLockResult.txt",
			);
			runOnlyForDeploymentPostprocessing = 0;
			shellPath = /bin/sh;
			shellScript = "diff \"${PODS_PODFILE_DIR_PATH}/Podfile.lock\" \"${PODS_ROOT}/Manifest.lock\" > /dev/null\nif [ $? != 0 ] ; then\n    # print error to STDERR\n    echo \"error: The sandbox is not in sync with the Podfile.lock. Run 'pod install' or update your CocoaPods installation.\" >&2\n    exit 1\nfi\n# This output is used by Xcode 'outputs' to avoid re-running this script phase.\necho \"SUCCESS\" > \"${SCRIPT_OUTPUT_FILE_0}\"\n";
			showEnvVarsInLog = 0;
		};
/* End PBXShellScriptBuildPhase section */

/* Begin PBXSourcesBuildPhase section */
		B908909E20E10FCF0064DEEC /* Sources */ = {
			isa = PBXSourcesBuildPhase;
			buildActionMask = 2147483647;
			files = (
				B90890A820E10FCF0064DEEC /* ViewController.swift in Sources */,
				B90890A620E10FCF0064DEEC /* AppDelegate.swift in Sources */,
			);
			runOnlyForDeploymentPostprocessing = 0;
		};
/* End PBXSourcesBuildPhase section */

/* Begin PBXVariantGroup section */
		B90890A920E10FCF0064DEEC /* Main.storyboard */ = {
			isa = PBXVariantGroup;
			children = (
				B90890AA20E10FCF0064DEEC /* Base */,
			);
			name = Main.storyboard;
			sourceTree = "<group>";
		};
		B90890AE20E10FCF0064DEEC /* LaunchScreen.storyboard */ = {
			isa = PBXVariantGroup;
			children = (
				B90890AF20E10FCF0064DEEC /* Base */,
			);
			name = LaunchScreen.storyboard;
			sourceTree = "<group>";
		};
/* End PBXVariantGroup section */

/* Begin XCBuildConfiguration section */
		B90890B220E10FCF0064DEEC /* Debug */ = {
			isa = XCBuildConfiguration;
			buildSettings = {
				ALWAYS_SEARCH_USER_PATHS = NO;
				CLANG_ANALYZER_NONNULL = YES;
				CLANG_ANALYZER_NUMBER_OBJECT_CONVERSION = YES_AGGRESSIVE;
				CLANG_CXX_LANGUAGE_STANDARD = "gnu++14";
				CLANG_CXX_LIBRARY = "libc++";
				CLANG_ENABLE_MODULES = YES;
				CLANG_ENABLE_OBJC_ARC = YES;
				CLANG_ENABLE_OBJC_WEAK = YES;
				CLANG_WARN_BLOCK_CAPTURE_AUTORELEASING = YES;
				CLANG_WARN_BOOL_CONVERSION = YES;
				CLANG_WARN_COMMA = YES;
				CLANG_WARN_CONSTANT_CONVERSION = YES;
				CLANG_WARN_DEPRECATED_OBJC_IMPLEMENTATIONS = YES;
				CLANG_WARN_DIRECT_OBJC_ISA_USAGE = YES_ERROR;
				CLANG_WARN_DOCUMENTATION_COMMENTS = YES;
				CLANG_WARN_EMPTY_BODY = YES;
				CLANG_WARN_ENUM_CONVERSION = YES;
				CLANG_WARN_INFINITE_RECURSION = YES;
				CLANG_WARN_INT_CONVERSION = YES;
				CLANG_WARN_NON_LITERAL_NULL_CONVERSION = YES;
				CLANG_WARN_OBJC_IMPLICIT_RETAIN_SELF = YES;
				CLANG_WARN_OBJC_LITERAL_CONVERSION = YES;
				CLANG_WARN_OBJC_ROOT_CLASS = YES_ERROR;
				CLANG_WARN_RANGE_LOOP_ANALYSIS = YES;
				CLANG_WARN_STRICT_PROTOTYPES = YES;
				CLANG_WARN_SUSPICIOUS_MOVE = YES;
				CLANG_WARN_UNGUARDED_AVAILABILITY = YES_AGGRESSIVE;
				CLANG_WARN_UNREACHABLE_CODE = YES;
				CLANG_WARN__DUPLICATE_METHOD_MATCH = YES;
				CODE_SIGN_IDENTITY = "iPhone Developer";
				COPY_PHASE_STRIP = NO;
				DEBUG_INFORMATION_FORMAT = dwarf;
				ENABLE_STRICT_OBJC_MSGSEND = YES;
				ENABLE_TESTABILITY = YES;
				GCC_C_LANGUAGE_STANDARD = gnu11;
				GCC_DYNAMIC_NO_PIC = NO;
				GCC_NO_COMMON_BLOCKS = YES;
				GCC_OPTIMIZATION_LEVEL = 0;
				GCC_PREPROCESSOR_DEFINITIONS = (
					"DEBUG=1",
					"$(inherited)",
				);
				GCC_WARN_64_TO_32_BIT_CONVERSION = YES;
				GCC_WARN_ABOUT_RETURN_TYPE = YES_ERROR;
				GCC_WARN_UNDECLARED_SELECTOR = YES;
				GCC_WARN_UNINITIALIZED_AUTOS = YES_AGGRESSIVE;
				GCC_WARN_UNUSED_FUNCTION = YES;
				GCC_WARN_UNUSED_VARIABLE = YES;
				IPHONEOS_DEPLOYMENT_TARGET = 11.4;
				MTL_ENABLE_DEBUG_INFO = YES;
				ONLY_ACTIVE_ARCH = YES;
				SDKROOT = iphoneos;
				SWIFT_ACTIVE_COMPILATION_CONDITIONS = DEBUG;
				SWIFT_OPTIMIZATION_LEVEL = "-Onone";
			};
			name = Debug;
		};
		B90890B320E10FCF0064DEEC /* Release */ = {
			isa = XCBuildConfiguration;
			buildSettings = {
				ALWAYS_SEARCH_USER_PATHS = NO;
				CLANG_ANALYZER_NONNULL = YES;
				CLANG_ANALYZER_NUMBER_OBJECT_CONVERSION = YES_AGGRESSIVE;
				CLANG_CXX_LANGUAGE_STANDARD = "gnu++14";
				CLANG_CXX_LIBRARY = "libc++";
				CLANG_ENABLE_MODULES = YES;
				CLANG_ENABLE_OBJC_ARC = YES;
				CLANG_ENABLE_OBJC_WEAK = YES;
				CLANG_WARN_BLOCK_CAPTURE_AUTORELEASING = YES;
				CLANG_WARN_BOOL_CONVERSION = YES;
				CLANG_WARN_COMMA = YES;
				CLANG_WARN_CONSTANT_CONVERSION = YES;
				CLANG_WARN_DEPRECATED_OBJC_IMPLEMENTATIONS = YES;
				CLANG_WARN_DIRECT_OBJC_ISA_USAGE = YES_ERROR;
				CLANG_WARN_DOCUMENTATION_COMMENTS = YES;
				CLANG_WARN_EMPTY_BODY = YES;
				CLANG_WARN_ENUM_CONVERSION = YES;
				CLANG_WARN_INFINITE_RECURSION = YES;
				CLANG_WARN_INT_CONVERSION = YES;
				CLANG_WARN_NON_LITERAL_NULL_CONVERSION = YES;
				CLANG_WARN_OBJC_IMPLICIT_RETAIN_SELF = YES;
				CLANG_WARN_OBJC_LITERAL_CONVERSION = YES;
				CLANG_WARN_OBJC_ROOT_CLASS = YES_ERROR;
				CLANG_WARN_RANGE_LOOP_ANALYSIS = YES;
				CLANG_WARN_STRICT_PROTOTYPES = YES;
				CLANG_WARN_SUSPICIOUS_MOVE = YES;
				CLANG_WARN_UNGUARDED_AVAILABILITY = YES_AGGRESSIVE;
				CLANG_WARN_UNREACHABLE_CODE = YES;
				CLANG_WARN__DUPLICATE_METHOD_MATCH = YES;
				CODE_SIGN_IDENTITY = "iPhone Developer";
				COPY_PHASE_STRIP = NO;
				DEBUG_INFORMATION_FORMAT = "dwarf-with-dsym";
				ENABLE_NS_ASSERTIONS = NO;
				ENABLE_STRICT_OBJC_MSGSEND = YES;
				GCC_C_LANGUAGE_STANDARD = gnu11;
				GCC_NO_COMMON_BLOCKS = YES;
				GCC_WARN_64_TO_32_BIT_CONVERSION = YES;
				GCC_WARN_ABOUT_RETURN_TYPE = YES_ERROR;
				GCC_WARN_UNDECLARED_SELECTOR = YES;
				GCC_WARN_UNINITIALIZED_AUTOS = YES_AGGRESSIVE;
				GCC_WARN_UNUSED_FUNCTION = YES;
				GCC_WARN_UNUSED_VARIABLE = YES;
				IPHONEOS_DEPLOYMENT_TARGET = 11.4;
				MTL_ENABLE_DEBUG_INFO = NO;
				SDKROOT = iphoneos;
				SWIFT_COMPILATION_MODE = wholemodule;
				SWIFT_OPTIMIZATION_LEVEL = "-O";
				VALIDATE_PRODUCT = YES;
			};
			name = Release;
		};
		B90890B520E10FCF0064DEEC /* Debug */ = {
			isa = XCBuildConfiguration;
			baseConfigurationReference = 397824C83F2A5D0FFC58B9D7 /* Pods-OCR test.debug.xcconfig */;
			buildSettings = {
				ASSETCATALOG_COMPILER_APPICON_NAME = AppIcon;
				CODE_SIGN_STYLE = Automatic;
				DEVELOPMENT_TEAM = D7WJ2NU2QS;
				INFOPLIST_FILE = "OCR test/Info.plist";
				LD_RUNPATH_SEARCH_PATHS = (
					"$(inherited)",
					"@executable_path/Frameworks",
				);
				PRODUCT_BUNDLE_IDENTIFIER = "com.robertoFerraz.OCR-test";
				PRODUCT_NAME = "$(TARGET_NAME)";
				SWIFT_VERSION = 4.0;
				TARGETED_DEVICE_FAMILY = "1,2";
			};
			name = Debug;
		};
		B90890B620E10FCF0064DEEC /* Release */ = {
			isa = XCBuildConfiguration;
			baseConfigurationReference = 08B736E0939597B92E00643B /* Pods-OCR test.release.xcconfig */;
			buildSettings = {
				ASSETCATALOG_COMPILER_APPICON_NAME = AppIcon;
				CODE_SIGN_STYLE = Automatic;
				DEVELOPMENT_TEAM = D7WJ2NU2QS;
				INFOPLIST_FILE = "OCR test/Info.plist";
				LD_RUNPATH_SEARCH_PATHS = (
					"$(inherited)",
					"@executable_path/Frameworks",
				);
				PRODUCT_BUNDLE_IDENTIFIER = "com.robertoFerraz.OCR-test";
				PRODUCT_NAME = "$(TARGET_NAME)";
				SWIFT_VERSION = 4.0;
				TARGETED_DEVICE_FAMILY = "1,2";
			};
			name = Release;
		};
/* End XCBuildConfiguration section */

/* Begin XCConfigurationList section */
		B908909D20E10FCF0064DEEC /* Build configuration list for PBXProject "OCR test" */ = {
			isa = XCConfigurationList;
			buildConfigurations = (
				B90890B220E10FCF0064DEEC /* Debug */,
				B90890B320E10FCF0064DEEC /* Release */,
			);
			defaultConfigurationIsVisible = 0;
			defaultConfigurationName = Release;
		};
		B90890B420E10FCF0064DEEC /* Build configuration list for PBXNativeTarget "OCR test" */ = {
			isa = XCConfigurationList;
			buildConfigurations = (
				B90890B520E10FCF0064DEEC /* Debug */,
				B90890B620E10FCF0064DEEC /* Release */,
			);
			defaultConfigurationIsVisible = 0;
			defaultConfigurationName = Release;
		};
/* End XCConfigurationList section */
	};
	rootObject = B908909A20E10FCF0064DEEC /* Project object */;
}
